
Microsoft Visual Studio Solution File, Format Version 12.00
# Visual Studio Version 17
VisualStudioVersion = 17.12.35506.116
MinimumVisualStudioVersion = 10.0.40219.1
Project("{FAE04EC0-301F-11D3-BF4B-00C04F79EFBC}") = "SistemaGimnasio", "SistemaGimnasio\SistemaGimnasio.csproj", "{F5B194E8-6DAB-4E40-BD43-F0D5ECABB129}"
EndProject
Project("{FAE04EC0-301F-11D3-BF4B-00C04F79EFBC}") = "Controller", "Controller\Controller.csproj", "{52D225B3-8975-46BB-88A0-2653B8C8016A}"
EndProject
Project("{FAE04EC0-301F-11D3-BF4B-00C04F79EFBC}") = "Models", "Model\Models.csproj", "{05C7702B-9794-4A3F-860A-43074692DDDF}"
EndProject
Project("{FAE04EC0-301F-11D3-BF4B-00C04F79EFBC}") = "SistemaGimnasioV2", "SistemaGimnasioV2\SistemaGimnasioV2.csproj", "{57886E9C-83B5-48BB-B6CA-DD0FF2B38F95}"
EndProject
Global
	GlobalSection(SolutionConfigurationPlatforms) = preSolution
		Debug|Any CPU = Debug|Any CPU
		Release|Any CPU = Release|Any CPU
	EndGlobalSection
	GlobalSection(ProjectConfigurationPlatforms) = postSolution
		{F5B194E8-6DAB-4E40-BD43-F0D5ECABB129}.Debug|Any CPU.ActiveCfg = Debug|Any CPU
		{F5B194E8-6DAB-4E40-BD43-F0D5ECABB129}.Debug|Any CPU.Build.0 = Debug|Any CPU
		{F5B194E8-6DAB-4E40-BD43-F0D5ECABB129}.Release|Any CPU.ActiveCfg = Release|Any CPU
		{F5B194E8-6DAB-4E40-BD43-F0D5ECABB129}.Release|Any CPU.Build.0 = Release|Any CPU
		{52D225B3-8975-46BB-88A0-2653B8C8016A}.Debug|Any CPU.ActiveCfg = Debug|Any CPU
		{52D225B3-8975-46BB-88A0-2653B8C8016A}.Debug|Any CPU.Build.0 = Debug|Any CPU
		{52D225B3-8975-46BB-88A0-2653B8C8016A}.Release|Any CPU.ActiveCfg = Release|Any CPU
		{52D225B3-8975-46BB-88A0-2653B8C8016A}.Release|Any CPU.Build.0 = Release|Any CPU
		{05C7702B-9794-4A3F-860A-43074692DDDF}.Debug|Any CPU.ActiveCfg = Debug|Any CPU
		{05C7702B-9794-4A3F-860A-43074692DDDF}.Debug|Any CPU.Build.0 = Debug|Any CPU
		{05C7702B-9794-4A3F-860A-43074692DDDF}.Release|Any CPU.ActiveCfg = Release|Any CPU
		{05C7702B-9794-4A3F-860A-43074692DDDF}.Release|Any CPU.Build.0 = Release|Any CPU
		{57886E9C-83B5-48BB-B6CA-DD0FF2B38F95}.Debug|Any CPU.ActiveCfg = Debug|Any CPU
		{57886E9C-83B5-48BB-B6CA-DD0FF2B38F95}.Debug|Any CPU.Build.0 = Debug|Any CPU
		{57886E9C-83B5-48BB-B6CA-DD0FF2B38F95}.Release|Any CPU.ActiveCfg = Release|Any CPU
		{57886E9C-83B5-48BB-B6CA-DD0FF2B38F95}.Release|Any CPU.Build.0 = Release|Any CPU
	EndGlobalSection
	GlobalSection(SolutionProperties) = preSolution
		HideSolutionNode = FALSE
	EndGlobalSection
EndGlobal
